
Microsoft Visual Studio Solution File, Format Version 12.00
# Visual Studio Version 17
VisualStudioVersion = 17.0.31903.59
MinimumVisualStudioVersion = 10.0.40219.1
Project("{FAE04EC0-301F-11D3-BF4B-00C04F79EFBC}") = "PrimeService", "PrimeService\PrimeService.csproj", "{4F995AAF-E006-4E1F-A40B-5DA7626898CF}"
EndProject
Project("{FAE04EC0-301F-11D3-BF4B-00C04F79EFBC}") = "PrimeService.Tests", "PrimeService.Tests\PrimeService.Tests.csproj", "{09CA3622-8A1B-464D-8C9B-5C73D3D6FD7C}"
EndProject
Global
	GlobalSection(SolutionConfigurationPlatforms) = preSolution
		Debug|Any CPU = Debug|Any CPU
		Release|Any CPU = Release|Any CPU
	EndGlobalSection
	GlobalSection(SolutionProperties) = preSolution
		HideSolutionNode = FALSE
	EndGlobalSection
	GlobalSection(ProjectConfigurationPlatforms) = postSolution
		{4F995AAF-E006-4E1F-A40B-5DA7626898CF}.Debug|Any CPU.ActiveCfg = Debug|Any CPU
		{4F995AAF-E006-4E1F-A40B-5DA7626898CF}.Debug|Any CPU.Build.0 = Debug|Any CPU
		{4F995AAF-E006-4E1F-A40B-5DA7626898CF}.Release|Any CPU.ActiveCfg = Release|Any CPU
		{4F995AAF-E006-4E1F-A40B-5DA7626898CF}.Release|Any CPU.Build.0 = Release|Any CPU
		{09CA3622-8A1B-464D-8C9B-5C73D3D6FD7C}.Debug|Any CPU.ActiveCfg = Debug|Any CPU
		{09CA3622-8A1B-464D-8C9B-5C73D3D6FD7C}.Debug|Any CPU.Build.0 = Debug|Any CPU
		{09CA3622-8A1B-464D-8C9B-5C73D3D6FD7C}.Release|Any CPU.ActiveCfg = Release|Any CPU
		{09CA3622-8A1B-464D-8C9B-5C73D3D6FD7C}.Release|Any CPU.Build.0 = Release|Any CPU
	EndGlobalSection
EndGlobal
